schema: '2.0'
stages:
  data_ingestion:
    cmd: python3 src/data_ingestion.py
    deps:
    - path: src/data_ingestion.py
      hash: md5
      md5: 443a40606a2dd530a81e46dfa0910749
      size: 653
    outs:
    - path: data/raw
      hash: md5
      md5: b44f108bef631af6dcc12f1d0290b77b.dir
      size: 876848
      nfiles: 2
  data_preprocessing:
    cmd: python3 src/data_preprocessing.py
    deps:
    - path: src/data_preprocessing.py
      hash: md5
      md5: be3edc188be2cf6a9e8714b09d6d1e2b
      size: 2492
    outs:
    - path: data/processed
      hash: md5
      md5: 5b0c387a3dbf439ced8559aac961d058.dir
      size: 615105
      nfiles: 2
