schema: '2.0'
stages:
  data_ingestion:
    cmd: python3 src/data_ingestion.py
    deps:
    - path: src/data_ingestion.py
      hash: md5
      md5: 8a2396acd16ef1d4faed89dd0adfb4a2
      size: 1443
    params:
      params.yaml:
        data_ingestion.test_size: 0.2
    outs:
    - path: data/raw
      hash: md5
      md5: b44f108bef631af6dcc12f1d0290b77b.dir
      size: 876848
      nfiles: 2
  data_preprocessing:
    cmd: python3 src/data_preprocessing.py
    deps:
    - path: data/raw
      hash: md5
      md5: b44f108bef631af6dcc12f1d0290b77b.dir
      size: 876848
      nfiles: 2
    - path: src/data_preprocessing.py
      hash: md5
      md5: 33d428fad17700bc67c21d70b8d2d59f
      size: 2803
    outs:
    - path: data/processed
      hash: md5
      md5: 5b0c387a3dbf439ced8559aac961d058.dir
      size: 615105
      nfiles: 2
  feature_engineering:
    cmd: python3 src/feature_engineering.py
    deps:
    - path: data/processed
      hash: md5
      md5: 5b0c387a3dbf439ced8559aac961d058.dir
      size: 615105
      nfiles: 2
    - path: src/feature_engineering.py
      hash: md5
      md5: 145ddb7a593c895f06bfdedaa5b18260
      size: 2491
    params:
      params.yaml:
        feature_engineering.max_features: 50
    outs:
    - path: data/features
      hash: md5
      md5: 0e6c9bed0ebb6cecee9d689c180cd228.dir
      size: 1058658
      nfiles: 2
  model_building:
    cmd: python3 src/model_building.py
    deps:
    - path: data/features/
      hash: md5
      md5: 0e6c9bed0ebb6cecee9d689c180cd228.dir
      size: 1058658
      nfiles: 2
    - path: src/model_building.py
      hash: md5
      md5: 4f1b88619a77e6bddce50f2108c5e4cf
      size: 1324
    outs:
    - path: model.pkl
      hash: md5
      md5: d40cf5ba386b2c63a2ef6d4f93365127
      size: 136591
  model_evaluation:
    cmd: python3 src/model_evaluation.py
    deps:
    - path: model.pkl
      hash: md5
      md5: d40cf5ba386b2c63a2ef6d4f93365127
      size: 136591
    - path: src/model_evaluation.py
      hash: md5
      md5: c69f19e3197ba942829b2f34b955ed60
      size: 2017
    params:
      params.yaml:
        model_building.learning_rate: 0.1
        model_building.n_estimators: 100
    outs:
    - path: metrics.json
      hash: md5
      md5: 03764019061915186089d4289103229f
      size: 140
